
Microsoft Visual Studio Solution File, Format Version 12.00
# Visual Studio Version 17
VisualStudioVersion = 17.5.33414.496
MinimumVisualStudioVersion = 10.0.40219.1
Project("{FAE04EC0-301F-11D3-BF4B-00C04F79EFBC}") = "WinForms_SQLiteDB", "WinForms_SQLiteDB\WinForms_SQLiteDB.csproj", "{9783CF20-4BA4-41E6-96C1-67CB91625D43}"
EndProject
Project("{FAE04EC0-301F-11D3-BF4B-00C04F79EFBC}") = "ClassLibrary", "ClassLibrary\ClassLibrary.csproj", "{A4B68369-25E2-415C-A134-BF704B08578B}"
EndProject
Global
	GlobalSection(SolutionConfigurationPlatforms) = preSolution
		Debug|Any CPU = Debug|Any CPU
		Release|Any CPU = Release|Any CPU
	EndGlobalSection
	GlobalSection(ProjectConfigurationPlatforms) = postSolution
		{9783CF20-4BA4-41E6-96C1-67CB91625D43}.Debug|Any CPU.ActiveCfg = Debug|Any CPU
		{9783CF20-4BA4-41E6-96C1-67CB91625D43}.Debug|Any CPU.Build.0 = Debug|Any CPU
		{9783CF20-4BA4-41E6-96C1-67CB91625D43}.Release|Any CPU.ActiveCfg = Release|Any CPU
		{9783CF20-4BA4-41E6-96C1-67CB91625D43}.Release|Any CPU.Build.0 = Release|Any CPU
		{A4B68369-25E2-415C-A134-BF704B08578B}.Debug|Any CPU.ActiveCfg = Debug|Any CPU
		{A4B68369-25E2-415C-A134-BF704B08578B}.Debug|Any CPU.Build.0 = Debug|Any CPU
		{A4B68369-25E2-415C-A134-BF704B08578B}.Release|Any CPU.ActiveCfg = Release|Any CPU
		{A4B68369-25E2-415C-A134-BF704B08578B}.Release|Any CPU.Build.0 = Release|Any CPU
	EndGlobalSection
	GlobalSection(SolutionProperties) = preSolution
		HideSolutionNode = FALSE
	EndGlobalSection
	GlobalSection(ExtensibilityGlobals) = postSolution
		SolutionGuid = {0778E8BE-FE56-4897-91FA-8EFEDDE91D0E}
	EndGlobalSection
EndGlobal
